// !$*UTF8*$!
{
	archiveVersion = 1;
	classes = {
	};
	objectVersion = 50;
	objects = {

/* Begin PBXBuildFile section */
		513C1C1624C5DB580087A93A /* MicrophoneMonitor.swift in Sources */ = {isa = PBXBuildFile; fileRef = 513C1C1524C5DB580087A93A /* MicrophoneMonitor.swift */; };
		51CCCED324B37CC200083943 /* AppDelegate.swift in Sources */ = {isa = PBXBuildFile; fileRef = 51CCCED224B37CC200083943 /* AppDelegate.swift */; };
		51CCCED524B37CC200083943 /* SceneDelegate.swift in Sources */ = {isa = PBXBuildFile; fileRef = 51CCCED424B37CC200083943 /* SceneDelegate.swift */; };
		51CCCED724B37CC200083943 /* ContentView.swift in Sources */ = {isa = PBXBuildFile; fileRef = 51CCCED624B37CC200083943 /* ContentView.swift */; };
		51CCCED924B37CC300083943 /* Assets.xcassets in Resources */ = {isa = PBXBuildFile; fileRef = 51CCCED824B37CC300083943 /* Assets.xcassets */; };
		51CCCEDC24B37CC300083943 /* Preview Assets.xcassets in Resources */ = {isa = PBXBuildFile; fileRef = 51CCCEDB24B37CC300083943 /* Preview Assets.xcassets */; };
		51CCCEDF24B37CC300083943 /* LaunchScreen.storyboard in Resources */ = {isa = PBXBuildFile; fileRef = 51CCCEDD24B37CC300083943 /* LaunchScreen.storyboard */; };
		51CCCEE424B37CC300083943 /* WatchHack WatchKit App.app in Embed Watch Content */ = {isa = PBXBuildFile; fileRef = 51CCCEE324B37CC300083943 /* WatchHack WatchKit App.app */; settings = {ATTRIBUTES = (RemoveHeadersOnCopy, ); }; };
		51CCCEEA24B37CC300083943 /* Interface.storyboard in Resources */ = {isa = PBXBuildFile; fileRef = 51CCCEE824B37CC300083943 /* Interface.storyboard */; };
		51CCCEEC24B37CC400083943 /* Assets.xcassets in Resources */ = {isa = PBXBuildFile; fileRef = 51CCCEEB24B37CC400083943 /* Assets.xcassets */; };
		51CCCEF324B37CC400083943 /* WatchHack WatchKit Extension.appex in Embed App Extensions */ = {isa = PBXBuildFile; fileRef = 51CCCEF224B37CC400083943 /* WatchHack WatchKit Extension.appex */; settings = {ATTRIBUTES = (RemoveHeadersOnCopy, ); }; };
		51CCCEF824B37CC400083943 /* ContentView.swift in Sources */ = {isa = PBXBuildFile; fileRef = 51CCCEF724B37CC400083943 /* ContentView.swift */; };
		51CCCEFA24B37CC400083943 /* HostingController.swift in Sources */ = {isa = PBXBuildFile; fileRef = 51CCCEF924B37CC400083943 /* HostingController.swift */; };
		51CCCEFC24B37CC400083943 /* ExtensionDelegate.swift in Sources */ = {isa = PBXBuildFile; fileRef = 51CCCEFB24B37CC400083943 /* ExtensionDelegate.swift */; };
		51CCCEFE24B37CC400083943 /* NotificationController.swift in Sources */ = {isa = PBXBuildFile; fileRef = 51CCCEFD24B37CC400083943 /* NotificationController.swift */; };
		51CCCF0024B37CC400083943 /* NotificationView.swift in Sources */ = {isa = PBXBuildFile; fileRef = 51CCCEFF24B37CC400083943 /* NotificationView.swift */; };
		51CCCF0224B37CC400083943 /* Assets.xcassets in Resources */ = {isa = PBXBuildFile; fileRef = 51CCCF0124B37CC400083943 /* Assets.xcassets */; };
		51CCCF0524B37CC400083943 /* Preview Assets.xcassets in Resources */ = {isa = PBXBuildFile; fileRef = 51CCCF0424B37CC400083943 /* Preview Assets.xcassets */; };
		51CCCF1824B37DDA00083943 /* HealthKit.framework in Frameworks */ = {isa = PBXBuildFile; fileRef = 51CCCF1724B37DDA00083943 /* HealthKit.framework */; };
		51FFBE8324C5F106007D6529 /* MicrophoneMonitor.swift in Sources */ = {isa = PBXBuildFile; fileRef = 51FFBE8224C5F106007D6529 /* MicrophoneMonitor.swift */; };
		51FFBE8924C61ADC007D6529 /* HealthKit.framework in Frameworks */ = {isa = PBXBuildFile; fileRef = 51FFBE8824C61ADC007D6529 /* HealthKit.framework */; };
/* End PBXBuildFile section */

/* Begin PBXContainerItemProxy section */
		51CCCEE524B37CC300083943 /* PBXContainerItemProxy */ = {
			isa = PBXContainerItemProxy;
			containerPortal = 51CCCEC724B37CC200083943 /* Project object */;
			proxyType = 1;
			remoteGlobalIDString = 51CCCEE224B37CC300083943;
			remoteInfo = "WatchHack WatchKit App";
		};
		51CCCEF424B37CC400083943 /* PBXContainerItemProxy */ = {
			isa = PBXContainerItemProxy;
			containerPortal = 51CCCEC724B37CC200083943 /* Project object */;
			proxyType = 1;
			remoteGlobalIDString = 51CCCEF124B37CC400083943;
			remoteInfo = "WatchHack WatchKit Extension";
		};
/* End PBXContainerItemProxy section */

/* Begin PBXCopyFilesBuildPhase section */
		51CCCF0D24B37CC400083943 /* Embed App Extensions */ = {
			isa = PBXCopyFilesBuildPhase;
			buildActionMask = 2147483647;
			dstPath = "";
			dstSubfolderSpec = 13;
			files = (
				51CCCEF324B37CC400083943 /* WatchHack WatchKit Extension.appex in Embed App Extensions */,
			);
			name = "Embed App Extensions";
			runOnlyForDeploymentPostprocessing = 0;
		};
		51CCCF1124B37CC400083943 /* Embed Watch Content */ = {
			isa = PBXCopyFilesBuildPhase;
			buildActionMask = 2147483647;
			dstPath = "$(CONTENTS_FOLDER_PATH)/Watch";
			dstSubfolderSpec = 16;
			files = (
				51CCCEE424B37CC300083943 /* WatchHack WatchKit App.app in Embed Watch Content */,
			);
			name = "Embed Watch Content";
			runOnlyForDeploymentPostprocessing = 0;
		};
/* End PBXCopyFilesBuildPhase section */

/* Begin PBXFileReference section */
		513C1C1524C5DB580087A93A /* MicrophoneMonitor.swift */ = {isa = PBXFileReference; lastKnownFileType = sourcecode.swift; path = MicrophoneMonitor.swift; sourceTree = "<group>"; };
		51CCCECF24B37CC200083943 /* WatchHack.app */ = {isa = PBXFileReference; explicitFileType = wrapper.application; includeInIndex = 0; path = WatchHack.app; sourceTree = BUILT_PRODUCTS_DIR; };
		51CCCED224B37CC200083943 /* AppDelegate.swift */ = {isa = PBXFileReference; lastKnownFileType = sourcecode.swift; path = AppDelegate.swift; sourceTree = "<group>"; };
		51CCCED424B37CC200083943 /* SceneDelegate.swift */ = {isa = PBXFileReference; lastKnownFileType = sourcecode.swift; path = SceneDelegate.swift; sourceTree = "<group>"; };
		51CCCED624B37CC200083943 /* ContentView.swift */ = {isa = PBXFileReference; lastKnownFileType = sourcecode.swift; path = ContentView.swift; sourceTree = "<group>"; };
		51CCCED824B37CC300083943 /* Assets.xcassets */ = {isa = PBXFileReference; lastKnownFileType = folder.assetcatalog; path = Assets.xcassets; sourceTree = "<group>"; };
		51CCCEDB24B37CC300083943 /* Preview Assets.xcassets */ = {isa = PBXFileReference; lastKnownFileType = folder.assetcatalog; path = "Preview Assets.xcassets"; sourceTree = "<group>"; };
		51CCCEDE24B37CC300083943 /* Base */ = {isa = PBXFileReference; lastKnownFileType = file.storyboard; name = Base; path = Base.lproj/LaunchScreen.storyboard; sourceTree = "<group>"; };
		51CCCEE024B37CC300083943 /* Info.plist */ = {isa = PBXFileReference; lastKnownFileType = text.plist.xml; path = Info.plist; sourceTree = "<group>"; };
		51CCCEE324B37CC300083943 /* WatchHack WatchKit App.app */ = {isa = PBXFileReference; explicitFileType = wrapper.application; includeInIndex = 0; path = "WatchHack WatchKit App.app"; sourceTree = BUILT_PRODUCTS_DIR; };
		51CCCEE924B37CC300083943 /* Base */ = {isa = PBXFileReference; lastKnownFileType = file.storyboard; name = Base; path = Base.lproj/Interface.storyboard; sourceTree = "<group>"; };
		51CCCEEB24B37CC400083943 /* Assets.xcassets */ = {isa = PBXFileReference; lastKnownFileType = folder.assetcatalog; path = Assets.xcassets; sourceTree = "<group>"; };
		51CCCEED24B37CC400083943 /* Info.plist */ = {isa = PBXFileReference; lastKnownFileType = text.plist.xml; path = Info.plist; sourceTree = "<group>"; };
		51CCCEF224B37CC400083943 /* WatchHack WatchKit Extension.appex */ = {isa = PBXFileReference; explicitFileType = "wrapper.app-extension"; includeInIndex = 0; path = "WatchHack WatchKit Extension.appex"; sourceTree = BUILT_PRODUCTS_DIR; };
		51CCCEF724B37CC400083943 /* ContentView.swift */ = {isa = PBXFileReference; lastKnownFileType = sourcecode.swift; path = ContentView.swift; sourceTree = "<group>"; };
		51CCCEF924B37CC400083943 /* HostingController.swift */ = {isa = PBXFileReference; lastKnownFileType = sourcecode.swift; path = HostingController.swift; sourceTree = "<group>"; };
		51CCCEFB24B37CC400083943 /* ExtensionDelegate.swift */ = {isa = PBXFileReference; lastKnownFileType = sourcecode.swift; path = ExtensionDelegate.swift; sourceTree = "<group>"; };
		51CCCEFD24B37CC400083943 /* NotificationController.swift */ = {isa = PBXFileReference; lastKnownFileType = sourcecode.swift; path = NotificationController.swift; sourceTree = "<group>"; };
		51CCCEFF24B37CC400083943 /* NotificationView.swift */ = {isa = PBXFileReference; lastKnownFileType = sourcecode.swift; path = NotificationView.swift; sourceTree = "<group>"; };
		51CCCF0124B37CC400083943 /* Assets.xcassets */ = {isa = PBXFileReference; lastKnownFileType = folder.assetcatalog; path = Assets.xcassets; sourceTree = "<group>"; };
		51CCCF0424B37CC400083943 /* Preview Assets.xcassets */ = {isa = PBXFileReference; lastKnownFileType = folder.assetcatalog; path = "Preview Assets.xcassets"; sourceTree = "<group>"; };
		51CCCF0624B37CC400083943 /* Info.plist */ = {isa = PBXFileReference; lastKnownFileType = text.plist.xml; path = Info.plist; sourceTree = "<group>"; };
		51CCCF0724B37CC400083943 /* PushNotificationPayload.apns */ = {isa = PBXFileReference; lastKnownFileType = text; path = PushNotificationPayload.apns; sourceTree = "<group>"; };
		51CCCF1524B37DDA00083943 /* WatchHack WatchKit ExtensionRelease.entitlements */ = {isa = PBXFileReference; lastKnownFileType = text.plist.entitlements; path = "WatchHack WatchKit ExtensionRelease.entitlements"; sourceTree = "<group>"; };
		51CCCF1724B37DDA00083943 /* HealthKit.framework */ = {isa = PBXFileReference; lastKnownFileType = wrapper.framework; name = HealthKit.framework; path = Platforms/WatchOS.platform/Developer/SDKs/WatchOS6.1.sdk/System/Library/Frameworks/HealthKit.framework; sourceTree = DEVELOPER_DIR; };
		51FFBE8224C5F106007D6529 /* MicrophoneMonitor.swift */ = {isa = PBXFileReference; lastKnownFileType = sourcecode.swift; path = MicrophoneMonitor.swift; sourceTree = "<group>"; };
		51FFBE8724C61ADC007D6529 /* WatchHackRelease.entitlements */ = {isa = PBXFileReference; lastKnownFileType = text.plist.entitlements; path = WatchHackRelease.entitlements; sourceTree = "<group>"; };
		51FFBE8824C61ADC007D6529 /* HealthKit.framework */ = {isa = PBXFileReference; lastKnownFileType = wrapper.framework; name = HealthKit.framework; path = System/Library/Frameworks/HealthKit.framework; sourceTree = SDKROOT; };
/* End PBXFileReference section */

/* Begin PBXFrameworksBuildPhase section */
		51CCCECC24B37CC200083943 /* Frameworks */ = {
			isa = PBXFrameworksBuildPhase;
			buildActionMask = 2147483647;
			files = (
				51FFBE8924C61ADC007D6529 /* HealthKit.framework in Frameworks */,
			);
			runOnlyForDeploymentPostprocessing = 0;
		};
		51CCCEEF24B37CC400083943 /* Frameworks */ = {
			isa = PBXFrameworksBuildPhase;
			buildActionMask = 2147483647;
			files = (
				51CCCF1824B37DDA00083943 /* HealthKit.framework in Frameworks */,
			);
			runOnlyForDeploymentPostprocessing = 0;
		};
/* End PBXFrameworksBuildPhase section */

/* Begin PBXGroup section */
		51CCCEC624B37CC200083943 = {
			isa = PBXGroup;
			children = (
				513C1C1524C5DB580087A93A /* MicrophoneMonitor.swift */,
				51CCCED124B37CC200083943 /* WatchHack */,
				51CCCEE724B37CC300083943 /* WatchHack WatchKit App */,
				51CCCEF624B37CC400083943 /* WatchHack WatchKit Extension */,
				51CCCED024B37CC200083943 /* Products */,
				51CCCF1624B37DDA00083943 /* Frameworks */,
			);
			sourceTree = "<group>";
		};
		51CCCED024B37CC200083943 /* Products */ = {
			isa = PBXGroup;
			children = (
				51CCCECF24B37CC200083943 /* WatchHack.app */,
				51CCCEE324B37CC300083943 /* WatchHack WatchKit App.app */,
				51CCCEF224B37CC400083943 /* WatchHack WatchKit Extension.appex */,
			);
			name = Products;
			sourceTree = "<group>";
		};
		51CCCED124B37CC200083943 /* WatchHack */ = {
			isa = PBXGroup;
			children = (
				51FFBE8724C61ADC007D6529 /* WatchHackRelease.entitlements */,
				51CCCED224B37CC200083943 /* AppDelegate.swift */,
				51CCCED424B37CC200083943 /* SceneDelegate.swift */,
				51CCCED624B37CC200083943 /* ContentView.swift */,
				51CCCED824B37CC300083943 /* Assets.xcassets */,
				51CCCEDD24B37CC300083943 /* LaunchScreen.storyboard */,
				51CCCEE024B37CC300083943 /* Info.plist */,
				51CCCEDA24B37CC300083943 /* Preview Content */,
			);
			path = WatchHack;
			sourceTree = "<group>";
		};
		51CCCEDA24B37CC300083943 /* Preview Content */ = {
			isa = PBXGroup;
			children = (
				51CCCEDB24B37CC300083943 /* Preview Assets.xcassets */,
			);
			path = "Preview Content";
			sourceTree = "<group>";
		};
		51CCCEE724B37CC300083943 /* WatchHack WatchKit App */ = {
			isa = PBXGroup;
			children = (
				51CCCEE824B37CC300083943 /* Interface.storyboard */,
				51CCCEEB24B37CC400083943 /* Assets.xcassets */,
				51CCCEED24B37CC400083943 /* Info.plist */,
			);
			path = "WatchHack WatchKit App";
			sourceTree = "<group>";
		};
		51CCCEF624B37CC400083943 /* WatchHack WatchKit Extension */ = {
			isa = PBXGroup;
			children = (
				51FFBE8224C5F106007D6529 /* MicrophoneMonitor.swift */,
				51CCCF1524B37DDA00083943 /* WatchHack WatchKit ExtensionRelease.entitlements */,
				51CCCEF724B37CC400083943 /* ContentView.swift */,
				51CCCEF924B37CC400083943 /* HostingController.swift */,
				51CCCEFB24B37CC400083943 /* ExtensionDelegate.swift */,
				51CCCEFD24B37CC400083943 /* NotificationController.swift */,
				51CCCEFF24B37CC400083943 /* NotificationView.swift */,
				51CCCF0124B37CC400083943 /* Assets.xcassets */,
				51CCCF0624B37CC400083943 /* Info.plist */,
				51CCCF0724B37CC400083943 /* PushNotificationPayload.apns */,
				51CCCF0324B37CC400083943 /* Preview Content */,
			);
			path = "WatchHack WatchKit Extension";
			sourceTree = "<group>";
		};
		51CCCF0324B37CC400083943 /* Preview Content */ = {
			isa = PBXGroup;
			children = (
				51CCCF0424B37CC400083943 /* Preview Assets.xcassets */,
			);
			path = "Preview Content";
			sourceTree = "<group>";
		};
		51CCCF1624B37DDA00083943 /* Frameworks */ = {
			isa = PBXGroup;
			children = (
				51FFBE8824C61ADC007D6529 /* HealthKit.framework */,
				51CCCF1724B37DDA00083943 /* HealthKit.framework */,
			);
			name = Frameworks;
			sourceTree = "<group>";
		};
/* End PBXGroup section */

/* Begin PBXNativeTarget section */
		51CCCECE24B37CC200083943 /* WatchHack */ = {
			isa = PBXNativeTarget;
			buildConfigurationList = 51CCCF1224B37CC400083943 /* Build configuration list for PBXNativeTarget "WatchHack" */;
			buildPhases = (
				51CCCECB24B37CC200083943 /* Sources */,
				51CCCECC24B37CC200083943 /* Frameworks */,
				51CCCECD24B37CC200083943 /* Resources */,
				51CCCF1124B37CC400083943 /* Embed Watch Content */,
			);
			buildRules = (
			);
			dependencies = (
				51CCCEE624B37CC300083943 /* PBXTargetDependency */,
			);
			name = WatchHack;
			productName = WatchHack;
			productReference = 51CCCECF24B37CC200083943 /* WatchHack.app */;
			productType = "com.apple.product-type.application";
		};
		51CCCEE224B37CC300083943 /* WatchHack WatchKit App */ = {
			isa = PBXNativeTarget;
			buildConfigurationList = 51CCCF0E24B37CC400083943 /* Build configuration list for PBXNativeTarget "WatchHack WatchKit App" */;
			buildPhases = (
				51CCCEE124B37CC300083943 /* Resources */,
				51CCCF0D24B37CC400083943 /* Embed App Extensions */,
			);
			buildRules = (
			);
			dependencies = (
				51CCCEF524B37CC400083943 /* PBXTargetDependency */,
			);
			name = "WatchHack WatchKit App";
			productName = "WatchHack WatchKit App";
			productReference = 51CCCEE324B37CC300083943 /* WatchHack WatchKit App.app */;
			productType = "com.apple.product-type.application.watchapp2";
		};
		51CCCEF124B37CC400083943 /* WatchHack WatchKit Extension */ = {
			isa = PBXNativeTarget;
			buildConfigurationList = 51CCCF0A24B37CC400083943 /* Build configuration list for PBXNativeTarget "WatchHack WatchKit Extension" */;
			buildPhases = (
				51CCCEEE24B37CC400083943 /* Sources */,
				51CCCEEF24B37CC400083943 /* Frameworks */,
				51CCCEF024B37CC400083943 /* Resources */,
			);
			buildRules = (
			);
			dependencies = (
			);
			name = "WatchHack WatchKit Extension";
			productName = "WatchHack WatchKit Extension";
			productReference = 51CCCEF224B37CC400083943 /* WatchHack WatchKit Extension.appex */;
			productType = "com.apple.product-type.watchkit2-extension";
		};
/* End PBXNativeTarget section */

/* Begin PBXProject section */
		51CCCEC724B37CC200083943 /* Project object */ = {
			isa = PBXProject;
			attributes = {
				LastSwiftUpdateCheck = 1130;
				LastUpgradeCheck = 1130;
				ORGANIZATIONNAME = momosuke;
				TargetAttributes = {
					51CCCECE24B37CC200083943 = {
						CreatedOnToolsVersion = 11.3.1;
					};
					51CCCEE224B37CC300083943 = {
						CreatedOnToolsVersion = 11.3.1;
					};
					51CCCEF124B37CC400083943 = {
						CreatedOnToolsVersion = 11.3.1;
					};
				};
			};
			buildConfigurationList = 51CCCECA24B37CC200083943 /* Build configuration list for PBXProject "WatchHack" */;
			compatibilityVersion = "Xcode 9.3";
			developmentRegion = en;
			hasScannedForEncodings = 0;
			knownRegions = (
				en,
				Base,
			);
			mainGroup = 51CCCEC624B37CC200083943;
			productRefGroup = 51CCCED024B37CC200083943 /* Products */;
			projectDirPath = "";
			projectRoot = "";
			targets = (
				51CCCECE24B37CC200083943 /* WatchHack */,
				51CCCEE224B37CC300083943 /* WatchHack WatchKit App */,
				51CCCEF124B37CC400083943 /* WatchHack WatchKit Extension */,
			);
		};
/* End PBXProject section */

/* Begin PBXResourcesBuildPhase section */
		51CCCECD24B37CC200083943 /* Resources */ = {
			isa = PBXResourcesBuildPhase;
			buildActionMask = 2147483647;
			files = (
				51CCCEDF24B37CC300083943 /* LaunchScreen.storyboard in Resources */,
				51CCCEDC24B37CC300083943 /* Preview Assets.xcassets in Resources */,
				51CCCED924B37CC300083943 /* Assets.xcassets in Resources */,
			);
			runOnlyForDeploymentPostprocessing = 0;
		};
		51CCCEE124B37CC300083943 /* Resources */ = {
			isa = PBXResourcesBuildPhase;
			buildActionMask = 2147483647;
			files = (
				51CCCEEC24B37CC400083943 /* Assets.xcassets in Resources */,
				51CCCEEA24B37CC300083943 /* Interface.storyboard in Resources */,
			);
			runOnlyForDeploymentPostprocessing = 0;
		};
		51CCCEF024B37CC400083943 /* Resources */ = {
			isa = PBXResourcesBuildPhase;
			buildActionMask = 2147483647;
			files = (
				51CCCF0524B37CC400083943 /* Preview Assets.xcassets in Resources */,
				51CCCF0224B37CC400083943 /* Assets.xcassets in Resources */,
			);
			runOnlyForDeploymentPostprocessing = 0;
		};
/* End PBXResourcesBuildPhase section */

/* Begin PBXSourcesBuildPhase section */
		51CCCECB24B37CC200083943 /* Sources */ = {
			isa = PBXSourcesBuildPhase;
			buildActionMask = 2147483647;
			files = (
				51CCCED324B37CC200083943 /* AppDelegate.swift in Sources */,
				51CCCED524B37CC200083943 /* SceneDelegate.swift in Sources */,
				513C1C1624C5DB580087A93A /* MicrophoneMonitor.swift in Sources */,
				51CCCED724B37CC200083943 /* ContentView.swift in Sources */,
			);
			runOnlyForDeploymentPostprocessing = 0;
		};
		51CCCEEE24B37CC400083943 /* Sources */ = {
			isa = PBXSourcesBuildPhase;
			buildActionMask = 2147483647;
			files = (
				51CCCEFA24B37CC400083943 /* HostingController.swift in Sources */,
				51CCCEF824B37CC400083943 /* ContentView.swift in Sources */,
				51FFBE8324C5F106007D6529 /* MicrophoneMonitor.swift in Sources */,
				51CCCEFE24B37CC400083943 /* NotificationController.swift in Sources */,
				51CCCEFC24B37CC400083943 /* ExtensionDelegate.swift in Sources */,
				51CCCF0024B37CC400083943 /* NotificationView.swift in Sources */,
			);
			runOnlyForDeploymentPostprocessing = 0;
		};
/* End PBXSourcesBuildPhase section */

/* Begin PBXTargetDependency section */
		51CCCEE624B37CC300083943 /* PBXTargetDependency */ = {
			isa = PBXTargetDependency;
			target = 51CCCEE224B37CC300083943 /* WatchHack WatchKit App */;
			targetProxy = 51CCCEE524B37CC300083943 /* PBXContainerItemProxy */;
		};
		51CCCEF524B37CC400083943 /* PBXTargetDependency */ = {
			isa = PBXTargetDependency;
			target = 51CCCEF124B37CC400083943 /* WatchHack WatchKit Extension */;
			targetProxy = 51CCCEF424B37CC400083943 /* PBXContainerItemProxy */;
		};
/* End PBXTargetDependency section */

/* Begin PBXVariantGroup section */
		51CCCEDD24B37CC300083943 /* LaunchScreen.storyboard */ = {
			isa = PBXVariantGroup;
			children = (
				51CCCEDE24B37CC300083943 /* Base */,
			);
			name = LaunchScreen.storyboard;
			sourceTree = "<group>";
		};
		51CCCEE824B37CC300083943 /* Interface.storyboard */ = {
			isa = PBXVariantGroup;
			children = (
				51CCCEE924B37CC300083943 /* Base */,
			);
			name = Interface.storyboard;
			sourceTree = "<group>";
		};
/* End PBXVariantGroup section */

/* Begin XCBuildConfiguration section */
		51CCCF0824B37CC400083943 /* Debug */ = {
			isa = XCBuildConfiguration;
			buildSettings = {
				ALWAYS_SEARCH_USER_PATHS = NO;
				CLANG_ANALYZER_NONNULL = YES;
				CLANG_ANALYZER_NUMBER_OBJECT_CONVERSION = YES_AGGRESSIVE;
				CLANG_CXX_LANGUAGE_STANDARD = "gnu++14";
				CLANG_CXX_LIBRARY = "libc++";
				CLANG_ENABLE_MODULES = YES;
				CLANG_ENABLE_OBJC_ARC = YES;
				CLANG_ENABLE_OBJC_WEAK = YES;
				CLANG_WARN_BLOCK_CAPTURE_AUTORELEASING = YES;
				CLANG_WARN_BOOL_CONVERSION = YES;
				CLANG_WARN_COMMA = YES;
				CLANG_WARN_CONSTANT_CONVERSION = YES;
				CLANG_WARN_DEPRECATED_OBJC_IMPLEMENTATIONS = YES;
				CLANG_WARN_DIRECT_OBJC_ISA_USAGE = YES_ERROR;
				CLANG_WARN_DOCUMENTATION_COMMENTS = YES;
				CLANG_WARN_EMPTY_BODY = YES;
				CLANG_WARN_ENUM_CONVERSION = YES;
				CLANG_WARN_INFINITE_RECURSION = YES;
				CLANG_WARN_INT_CONVERSION = YES;
				CLANG_WARN_NON_LITERAL_NULL_CONVERSION = YES;
				CLANG_WARN_OBJC_IMPLICIT_RETAIN_SELF = YES;
				CLANG_WARN_OBJC_LITERAL_CONVERSION = YES;
				CLANG_WARN_OBJC_ROOT_CLASS = YES_ERROR;
				CLANG_WARN_RANGE_LOOP_ANALYSIS = YES;
				CLANG_WARN_STRICT_PROTOTYPES = YES;
				CLANG_WARN_SUSPICIOUS_MOVE = YES;
				CLANG_WARN_UNGUARDED_AVAILABILITY = YES_AGGRESSIVE;
				CLANG_WARN_UNREACHABLE_CODE = YES;
				CLANG_WARN__DUPLICATE_METHOD_MATCH = YES;
				COPY_PHASE_STRIP = NO;
				DEBUG_INFORMATION_FORMAT = dwarf;
				ENABLE_STRICT_OBJC_MSGSEND = YES;
				ENABLE_TESTABILITY = YES;
				GCC_C_LANGUAGE_STANDARD = gnu11;
				GCC_DYNAMIC_NO_PIC = NO;
				GCC_NO_COMMON_BLOCKS = YES;
				GCC_OPTIMIZATION_LEVEL = 0;
				GCC_PREPROCESSOR_DEFINITIONS = (
					"DEBUG=1",
					"$(inherited)",
				);
				GCC_WARN_64_TO_32_BIT_CONVERSION = YES;
				GCC_WARN_ABOUT_RETURN_TYPE = YES_ERROR;
				GCC_WARN_UNDECLARED_SELECTOR = YES;
				GCC_WARN_UNINITIALIZED_AUTOS = YES_AGGRESSIVE;
				GCC_WARN_UNUSED_FUNCTION = YES;
				GCC_WARN_UNUSED_VARIABLE = YES;
				IPHONEOS_DEPLOYMENT_TARGET = 13.2;
				MTL_ENABLE_DEBUG_INFO = INCLUDE_SOURCE;
				MTL_FAST_MATH = YES;
				ONLY_ACTIVE_ARCH = YES;
				SDKROOT = iphoneos;
				SWIFT_ACTIVE_COMPILATION_CONDITIONS = DEBUG;
				SWIFT_OPTIMIZATION_LEVEL = "-Onone";
			};
			name = Debug;
		};
		51CCCF0924B37CC400083943 /* Release */ = {
			isa = XCBuildConfiguration;
			buildSettings = {
				ALWAYS_SEARCH_USER_PATHS = NO;
				CLANG_ANALYZER_NONNULL = YES;
				CLANG_ANALYZER_NUMBER_OBJECT_CONVERSION = YES_AGGRESSIVE;
				CLANG_CXX_LANGUAGE_STANDARD = "gnu++14";
				CLANG_CXX_LIBRARY = "libc++";
				CLANG_ENABLE_MODULES = YES;
				CLANG_ENABLE_OBJC_ARC = YES;
				CLANG_ENABLE_OBJC_WEAK = YES;
				CLANG_WARN_BLOCK_CAPTURE_AUTORELEASING = YES;
				CLANG_WARN_BOOL_CONVERSION = YES;
				CLANG_WARN_COMMA = YES;
				CLANG_WARN_CONSTANT_CONVERSION = YES;
				CLANG_WARN_DEPRECATED_OBJC_IMPLEMENTATIONS = YES;
				CLANG_WARN_DIRECT_OBJC_ISA_USAGE = YES_ERROR;
				CLANG_WARN_DOCUMENTATION_COMMENTS = YES;
				CLANG_WARN_EMPTY_BODY = YES;
				CLANG_WARN_ENUM_CONVERSION = YES;
				CLANG_WARN_INFINITE_RECURSION = YES;
				CLANG_WARN_INT_CONVERSION = YES;
				CLANG_WARN_NON_LITERAL_NULL_CONVERSION = YES;
				CLANG_WARN_OBJC_IMPLICIT_RETAIN_SELF = YES;
				CLANG_WARN_OBJC_LITERAL_CONVERSION = YES;
				CLANG_WARN_OBJC_ROOT_CLASS = YES_ERROR;
				CLANG_WARN_RANGE_LOOP_ANALYSIS = YES;
				CLANG_WARN_STRICT_PROTOTYPES = YES;
				CLANG_WARN_SUSPICIOUS_MOVE = YES;
				CLANG_WARN_UNGUARDED_AVAILABILITY = YES_AGGRESSIVE;
				CLANG_WARN_UNREACHABLE_CODE = YES;
				CLANG_WARN__DUPLICATE_METHOD_MATCH = YES;
				COPY_PHASE_STRIP = NO;
				DEBUG_INFORMATION_FORMAT = "dwarf-with-dsym";
				ENABLE_NS_ASSERTIONS = NO;
				ENABLE_STRICT_OBJC_MSGSEND = YES;
				GCC_C_LANGUAGE_STANDARD = gnu11;
				GCC_NO_COMMON_BLOCKS = YES;
				GCC_WARN_64_TO_32_BIT_CONVERSION = YES;
				GCC_WARN_ABOUT_RETURN_TYPE = YES_ERROR;
				GCC_WARN_UNDECLARED_SELECTOR = YES;
				GCC_WARN_UNINITIALIZED_AUTOS = YES_AGGRESSIVE;
				GCC_WARN_UNUSED_FUNCTION = YES;
				GCC_WARN_UNUSED_VARIABLE = YES;
				IPHONEOS_DEPLOYMENT_TARGET = 13.2;
				MTL_ENABLE_DEBUG_INFO = NO;
				MTL_FAST_MATH = YES;
				SDKROOT = iphoneos;
				SWIFT_COMPILATION_MODE = wholemodule;
				SWIFT_OPTIMIZATION_LEVEL = "-O";
				VALIDATE_PRODUCT = YES;
			};
			name = Release;
		};
		51CCCF0B24B37CC400083943 /* Debug */ = {
			isa = XCBuildConfiguration;
			buildSettings = {
				ASSETCATALOG_COMPILER_COMPLICATION_NAME = Complication;
				CODE_SIGN_STYLE = Automatic;
				DEVELOPMENT_ASSET_PATHS = "\"WatchHack WatchKit Extension/Preview Content\"";
				DEVELOPMENT_TEAM = 7VD6AB4ACB;
				ENABLE_PREVIEWS = YES;
				INFOPLIST_FILE = "WatchHack WatchKit Extension/Info.plist";
				LD_RUNPATH_SEARCH_PATHS = (
					"$(inherited)",
					"@executable_path/Frameworks",
					"@executable_path/../../Frameworks",
				);
				PRODUCT_BUNDLE_IDENTIFIER = net.clearboxtechnology.WatchHack.watchkitapp.watchkitextension;
				PRODUCT_NAME = "${TARGET_NAME}";
				SDKROOT = watchos;
				SKIP_INSTALL = YES;
				SWIFT_VERSION = 5.0;
				TARGETED_DEVICE_FAMILY = 4;
				WATCHOS_DEPLOYMENT_TARGET = 6.1;
			};
			name = Debug;
		};
		51CCCF0C24B37CC400083943 /* Release */ = {
			isa = XCBuildConfiguration;
			buildSettings = {
				ASSETCATALOG_COMPILER_COMPLICATION_NAME = Complication;
				CODE_SIGN_ENTITLEMENTS = "WatchHack WatchKit Extension/WatchHack WatchKit ExtensionRelease.entitlements";
				CODE_SIGN_STYLE = Automatic;
				DEVELOPMENT_ASSET_PATHS = "\"WatchHack WatchKit Extension/Preview Content\"";
				DEVELOPMENT_TEAM = 7VD6AB4ACB;
				ENABLE_PREVIEWS = YES;
				INFOPLIST_FILE = "WatchHack WatchKit Extension/Info.plist";
				LD_RUNPATH_SEARCH_PATHS = (
					"$(inherited)",
					"@executable_path/Frameworks",
					"@executable_path/../../Frameworks",
				);
				PRODUCT_BUNDLE_IDENTIFIER = net.clearboxtechnology.WatchHack.watchkitapp.watchkitextension;
				PRODUCT_NAME = "${TARGET_NAME}";
				SDKROOT = watchos;
				SKIP_INSTALL = YES;
				SWIFT_VERSION = 5.0;
				TARGETED_DEVICE_FAMILY = 4;
				WATCHOS_DEPLOYMENT_TARGET = 6.1;
			};
			name = Release;
		};
		51CCCF0F24B37CC400083943 /* Debug */ = {
			isa = XCBuildConfiguration;
			buildSettings = {
				ALWAYS_EMBED_SWIFT_STANDARD_LIBRARIES = YES;
				ASSETCATALOG_COMPILER_APPICON_NAME = AppIcon;
				CODE_SIGN_STYLE = Automatic;
				DEVELOPMENT_TEAM = 7VD6AB4ACB;
				IBSC_MODULE = WatchHack_WatchKit_Extension;
				INFOPLIST_FILE = "WatchHack WatchKit App/Info.plist";
				PRODUCT_BUNDLE_IDENTIFIER = net.clearboxtechnology.WatchHack.watchkitapp;
				PRODUCT_NAME = "$(TARGET_NAME)";
				SDKROOT = watchos;
				SKIP_INSTALL = YES;
				SWIFT_VERSION = 5.0;
				TARGETED_DEVICE_FAMILY = 4;
				WATCHOS_DEPLOYMENT_TARGET = 6.1;
			};
			name = Debug;
		};
		51CCCF1024B37CC400083943 /* Release */ = {
			isa = XCBuildConfiguration;
			buildSettings = {
				ALWAYS_EMBED_SWIFT_STANDARD_LIBRARIES = YES;
				ASSETCATALOG_COMPILER_APPICON_NAME = AppIcon;
				CODE_SIGN_STYLE = Automatic;
				DEVELOPMENT_TEAM = 7VD6AB4ACB;
				IBSC_MODULE = WatchHack_WatchKit_Extension;
				INFOPLIST_FILE = "WatchHack WatchKit App/Info.plist";
				PRODUCT_BUNDLE_IDENTIFIER = net.clearboxtechnology.WatchHack.watchkitapp;
				PRODUCT_NAME = "$(TARGET_NAME)";
				SDKROOT = watchos;
				SKIP_INSTALL = YES;
				SWIFT_VERSION = 5.0;
				TARGETED_DEVICE_FAMILY = 4;
				WATCHOS_DEPLOYMENT_TARGET = 6.1;
			};
			name = Release;
		};
		51CCCF1324B37CC400083943 /* Debug */ = {
			isa = XCBuildConfiguration;
			buildSettings = {
				ASSETCATALOG_COMPILER_APPICON_NAME = AppIcon;
				CODE_SIGN_STYLE = Automatic;
				DEVELOPMENT_ASSET_PATHS = "\"WatchHack/Preview Content\"";
				DEVELOPMENT_TEAM = 7VD6AB4ACB;
				ENABLE_PREVIEWS = YES;
				INFOPLIST_FILE = WatchHack/Info.plist;
				LD_RUNPATH_SEARCH_PATHS = (
					"$(inherited)",
					"@executable_path/Frameworks",
				);
				PRODUCT_BUNDLE_IDENTIFIER = net.clearboxtechnology.WatchHack;
				PRODUCT_NAME = "$(TARGET_NAME)";
				SWIFT_VERSION = 5.0;
				TARGETED_DEVICE_FAMILY = "1,2";
			};
			name = Debug;
		};
		51CCCF1424B37CC400083943 /* Release */ = {
			isa = XCBuildConfiguration;
			buildSettings = {
				ASSETCATALOG_COMPILER_APPICON_NAME = AppIcon;
				CODE_SIGN_ENTITLEMENTS = WatchHack/WatchHackRelease.entitlements;
				CODE_SIGN_STYLE = Automatic;
				DEVELOPMENT_ASSET_PATHS = "\"WatchHack/Preview Content\"";
				DEVELOPMENT_TEAM = 7VD6AB4ACB;
				ENABLE_PREVIEWS = YES;
				INFOPLIST_FILE = WatchHack/Info.plist;
				LD_RUNPATH_SEARCH_PATHS = (
					"$(inherited)",
					"@executable_path/Frameworks",
				);
				PRODUCT_BUNDLE_IDENTIFIER = net.clearboxtechnology.WatchHack;
				PRODUCT_NAME = "$(TARGET_NAME)";
				SWIFT_VERSION = 5.0;
				TARGETED_DEVICE_FAMILY = "1,2";
			};
			name = Release;
		};
/* End XCBuildConfiguration section */

/* Begin XCConfigurationList section */
		51CCCECA24B37CC200083943 /* Build configuration list for PBXProject "WatchHack" */ = {
			isa = XCConfigurationList;
			buildConfigurations = (
				51CCCF0824B37CC400083943 /* Debug */,
				51CCCF0924B37CC400083943 /* Release */,
			);
			defaultConfigurationIsVisible = 0;
			defaultConfigurationName = Release;
		};
		51CCCF0A24B37CC400083943 /* Build configuration list for PBXNativeTarget "WatchHack WatchKit Extension" */ = {
			isa = XCConfigurationList;
			buildConfigurations = (
				51CCCF0B24B37CC400083943 /* Debug */,
				51CCCF0C24B37CC400083943 /* Release */,
			);
			defaultConfigurationIsVisible = 0;
			defaultConfigurationName = Release;
		};
		51CCCF0E24B37CC400083943 /* Build configuration list for PBXNativeTarget "WatchHack WatchKit App" */ = {
			isa = XCConfigurationList;
			buildConfigurations = (
				51CCCF0F24B37CC400083943 /* Debug */,
				51CCCF1024B37CC400083943 /* Release */,
			);
			defaultConfigurationIsVisible = 0;
			defaultConfigurationName = Release;
		};
		51CCCF1224B37CC400083943 /* Build configuration list for PBXNativeTarget "WatchHack" */ = {
			isa = XCConfigurationList;
			buildConfigurations = (
				51CCCF1324B37CC400083943 /* Debug */,
				51CCCF1424B37CC400083943 /* Release */,
			);
			defaultConfigurationIsVisible = 0;
			defaultConfigurationName = Release;
		};
/* End XCConfigurationList section */
	};
	rootObject = 51CCCEC724B37CC200083943 /* Project object */;
}
